
Microsoft Visual Studio Solution File, Format Version 12.00
# Visual Studio Version 17
VisualStudioVersion = 17.10.34916.146
MinimumVisualStudioVersion = 10.0.40219.1
Project("{FAE04EC0-301F-11D3-BF4B-00C04F79EFBC}") = "creación_estructura", "creación_estructura\creación_estructura.csproj", "{5F9A967A-6A3B-4566-92DA-217B2739AAC0}"
EndProject
Global
	GlobalSection(SolutionConfigurationPlatforms) = preSolution
		Debug|Any CPU = Debug|Any CPU
		Release|Any CPU = Release|Any CPU
	EndGlobalSection
	GlobalSection(ProjectConfigurationPlatforms) = postSolution
		{5F9A967A-6A3B-4566-92DA-217B2739AAC0}.Debug|Any CPU.ActiveCfg = Debug|Any CPU
		{5F9A967A-6A3B-4566-92DA-217B2739AAC0}.Debug|Any CPU.Build.0 = Debug|Any CPU
		{5F9A967A-6A3B-4566-92DA-217B2739AAC0}.Release|Any CPU.ActiveCfg = Release|Any CPU
		{5F9A967A-6A3B-4566-92DA-217B2739AAC0}.Release|Any CPU.Build.0 = Release|Any CPU
	EndGlobalSection
	GlobalSection(SolutionProperties) = preSolution
		HideSolutionNode = FALSE
	EndGlobalSection
	GlobalSection(ExtensibilityGlobals) = postSolution
		SolutionGuid = {93DC222D-099A-4E2C-A971-B76FCF53A503}
	EndGlobalSection
EndGlobal
